
Microsoft Visual Studio Solution File, Format Version 12.00
# Visual Studio Version 17
VisualStudioVersion = 17.13.35825.156
MinimumVisualStudioVersion = 10.0.40219.1
Project("{FAE04EC0-301F-11D3-BF4B-00C04F79EFBC}") = "Calculadora_de_gastos", "Calculadora_de_gastos\Calculadora_de_gastos.csproj", "{8FAE33E0-2A2E-486C-86BC-05AD318237AA}"
EndProject
Global
	GlobalSection(SolutionConfigurationPlatforms) = preSolution
		Debug|Any CPU = Debug|Any CPU
		Release|Any CPU = Release|Any CPU
	EndGlobalSection
	GlobalSection(ProjectConfigurationPlatforms) = postSolution
		{8FAE33E0-2A2E-486C-86BC-05AD318237AA}.Debug|Any CPU.ActiveCfg = Debug|Any CPU
		{8FAE33E0-2A2E-486C-86BC-05AD318237AA}.Debug|Any CPU.Build.0 = Debug|Any CPU
		{8FAE33E0-2A2E-486C-86BC-05AD318237AA}.Release|Any CPU.ActiveCfg = Release|Any CPU
		{8FAE33E0-2A2E-486C-86BC-05AD318237AA}.Release|Any CPU.Build.0 = Release|Any CPU
	EndGlobalSection
	GlobalSection(SolutionProperties) = preSolution
		HideSolutionNode = FALSE
	EndGlobalSection
	GlobalSection(ExtensibilityGlobals) = postSolution
		SolutionGuid = {80BD0735-6A43-4D20-87D6-6230ACDB94B1}
	EndGlobalSection
EndGlobal
